
Microsoft Visual Studio Solution File, Format Version 12.00
# Visual Studio Version 17
VisualStudioVersion = 17.14.36212.18 d17.14
MinimumVisualStudioVersion = 10.0.40219.1
Project("{FAE04EC0-301F-11D3-BF4B-00C04F79EFBC}") = "PopupV2NavigationIssueRepo", "PopupV2NavigationIssueRepo.csproj", "{78C9D937-486D-4840-A5EB-9BECE3A06603}"
EndProject
Global
	GlobalSection(SolutionConfigurationPlatforms) = preSolution
		Debug|Any CPU = Debug|Any CPU
		Release|Any CPU = Release|Any CPU
	EndGlobalSection
	GlobalSection(ProjectConfigurationPlatforms) = postSolution
		{78C9D937-486D-4840-A5EB-9BECE3A06603}.Debug|Any CPU.ActiveCfg = Debug|Any CPU
		{78C9D937-486D-4840-A5EB-9BECE3A06603}.Debug|Any CPU.Build.0 = Debug|Any CPU
		{78C9D937-486D-4840-A5EB-9BECE3A06603}.Release|Any CPU.ActiveCfg = Release|Any CPU
		{78C9D937-486D-4840-A5EB-9BECE3A06603}.Release|Any CPU.Build.0 = Release|Any CPU
	EndGlobalSection
	GlobalSection(SolutionProperties) = preSolution
		HideSolutionNode = FALSE
	EndGlobalSection
	GlobalSection(ExtensibilityGlobals) = postSolution
		SolutionGuid = {8216E55E-C925-44A0-8F0B-AE734C4DB12D}
	EndGlobalSection
EndGlobal
